
Microsoft Visual Studio Solution File, Format Version 12.00
# Visual Studio Version 17
VisualStudioVersion = 17.1.32407.343
MinimumVisualStudioVersion = 10.0.40219.1
Project("{8BC9CEB8-8B4A-11D0-8D11-00A0C91BC942}") = "LeifBlakeWeek3", "LeifBlakeWeek3.vcxproj", "{BCDD8FF5-2CB5-4DF4-929D-52F434B101AE}"
EndProject
Global
	GlobalSection(SolutionConfigurationPlatforms) = preSolution
		Debug|x64 = Debug|x64
		Debug|x86 = Debug|x86
		Release|x64 = Release|x64
		Release|x86 = Release|x86
	EndGlobalSection
	GlobalSection(ProjectConfigurationPlatforms) = postSolution
		{BCDD8FF5-2CB5-4DF4-929D-52F434B101AE}.Debug|x64.ActiveCfg = Debug|x64
		{BCDD8FF5-2CB5-4DF4-929D-52F434B101AE}.Debug|x64.Build.0 = Debug|x64
		{BCDD8FF5-2CB5-4DF4-929D-52F434B101AE}.Debug|x86.ActiveCfg = Debug|Win32
		{BCDD8FF5-2CB5-4DF4-929D-52F434B101AE}.Debug|x86.Build.0 = Debug|Win32
		{BCDD8FF5-2CB5-4DF4-929D-52F434B101AE}.Release|x64.ActiveCfg = Release|x64
		{BCDD8FF5-2CB5-4DF4-929D-52F434B101AE}.Release|x64.Build.0 = Release|x64
		{BCDD8FF5-2CB5-4DF4-929D-52F434B101AE}.Release|x86.ActiveCfg = Release|Win32
		{BCDD8FF5-2CB5-4DF4-929D-52F434B101AE}.Release|x86.Build.0 = Release|Win32
	EndGlobalSection
	GlobalSection(SolutionProperties) = preSolution
		HideSolutionNode = FALSE
	EndGlobalSection
	GlobalSection(ExtensibilityGlobals) = postSolution
		SolutionGuid = {4E4D597E-0971-4D2E-AA3A-D6FA22E1E6B7}
	EndGlobalSection
EndGlobal
